# This file is autogenerated, do not edit; changes may be undone by the next 'dep ensure'.


[[projects]]
  branch = "master"
  name = "github.com/elazarl/go-bindata-assetfs"
  packages = ["."]
  revision = "38087fe4dafb822e541b3f7955075cc1c30bd294"

[[projects]]
  name = "github.com/julienschmidt/httprouter"
  packages = ["."]
  revision = "d1898390779332322e6b5ca5011da4bf249bb056"

[[projects]]
  branch = "master"
  name = "github.com/mitchellh/mapstructure"
  packages = ["."]
  revision = "00c29f56e2386353d58c599509e8dc3801b0d716"

[[projects]]
  name = "golang.org/x/net"
  packages = ["websocket"]
  revision = "ae05321a78c1401cec22ba7bc203b597ea372496"

[[projects]]
  name = "gopkg.in/yaml.v2"
  packages = ["."]
  revision = "a5b47d31c556af34a302ce5d659e6fea44d90de0"

[solve-meta]
  analyzer-name = "dep"
  analyzer-version = 1
  inputs-digest = "18f8d3fe6c804ad48a9d864812f1c3706c8be45fcab5fdd959ea72455cf130d6"
  solver-name = "gps-cdcl"
  solver-version = 1
